// !$*UTF8*$!
{
	archiveVersion = 1;
	classes = {
	};
	objectVersion = 56;
	objects = {

/* Begin PBXBuildFile section */
		1F02F4862C3C8C8E00E4D912 /* CustomButton.swift in Sources */ = {isa = PBXBuildFile; fileRef = 1F02F4852C3C8C8E00E4D912 /* CustomButton.swift */; };
		1F044C1E2A6F0C97005195A8 /* FeedViewController.swift in Sources */ = {isa = PBXBuildFile; fileRef = 1F044C1D2A6F0C97005195A8 /* FeedViewController.swift */; };
		1F044C202A6F0D4B005195A8 /* ProfileViewController.swift in Sources */ = {isa = PBXBuildFile; fileRef = 1F044C1F2A6F0D4B005195A8 /* ProfileViewController.swift */; };
		1F044C222A6F0DC0005195A8 /* PostViewController.swift in Sources */ = {isa = PBXBuildFile; fileRef = 1F044C212A6F0DC0005195A8 /* PostViewController.swift */; };
		1F044C262A6F1BE6005195A8 /* InfoViewController.swift in Sources */ = {isa = PBXBuildFile; fileRef = 1F044C252A6F1BE6005195A8 /* InfoViewController.swift */; };
		1F098CA22BA594070088FD08 /* PhotosTableViewCell.swift in Sources */ = {isa = PBXBuildFile; fileRef = 1F098CA12BA594070088FD08 /* PhotosTableViewCell.swift */; };
		1F098CA42BAA1AF00088FD08 /* PhotosViewController.swift in Sources */ = {isa = PBXBuildFile; fileRef = 1F098CA32BAA1AF00088FD08 /* PhotosViewController.swift */; };
		1F098CA62BAA1CBB0088FD08 /* PhotosCollectionViewCell.swift in Sources */ = {isa = PBXBuildFile; fileRef = 1F098CA52BAA1CBB0088FD08 /* PhotosCollectionViewCell.swift */; };
		1F098CA82BAA289A0088FD08 /* Photos.swift in Sources */ = {isa = PBXBuildFile; fileRef = 1F098CA72BAA289A0088FD08 /* Photos.swift */; };
		1F0A69C12B813A34007D8077 /* LogInViewController.swift in Sources */ = {isa = PBXBuildFile; fileRef = 1F0A69C02B813A34007D8077 /* LogInViewController.swift */; };
		1F1E35C12C26D36000435477 /* Checker.swift in Sources */ = {isa = PBXBuildFile; fileRef = 1F1E35C02C26D36000435477 /* Checker.swift */; };
		1F1E35C32C26E4D500435477 /* LoginViewControllerDelegate.swift in Sources */ = {isa = PBXBuildFile; fileRef = 1F1E35C22C26E4D500435477 /* LoginViewControllerDelegate.swift */; };
		1F1E35C52C26F31200435477 /* LoginInspector.swift in Sources */ = {isa = PBXBuildFile; fileRef = 1F1E35C42C26F31200435477 /* LoginInspector.swift */; };
		1F1E35C72C270A5E00435477 /* LoginFactory.swift in Sources */ = {isa = PBXBuildFile; fileRef = 1F1E35C62C270A5E00435477 /* LoginFactory.swift */; };
		1F1E35C92C270B6800435477 /* MyLoginFactory.swift in Sources */ = {isa = PBXBuildFile; fileRef = 1F1E35C82C270B6800435477 /* MyLoginFactory.swift */; };
		1F2A6E1B2B69BA9E0087A179 /* ProfileHeaderView.swift in Sources */ = {isa = PBXBuildFile; fileRef = 1F2A6E1A2B69BA9E0087A179 /* ProfileHeaderView.swift */; };
		1F64F6AA2A680F4100A88A75 /* AppDelegate.swift in Sources */ = {isa = PBXBuildFile; fileRef = 1F64F6A92A680F4100A88A75 /* AppDelegate.swift */; };
		1F64F6AC2A680F4100A88A75 /* SceneDelegate.swift in Sources */ = {isa = PBXBuildFile; fileRef = 1F64F6AB2A680F4100A88A75 /* SceneDelegate.swift */; };
		1F64F6B32A680F4300A88A75 /* Assets.xcassets in Resources */ = {isa = PBXBuildFile; fileRef = 1F64F6B22A680F4300A88A75 /* Assets.xcassets */; };
		1F64F6B62A680F4300A88A75 /* LaunchScreen.storyboard in Resources */ = {isa = PBXBuildFile; fileRef = 1F64F6B42A680F4300A88A75 /* LaunchScreen.storyboard */; };
		1F776F8A2C0150DF00AB2778 /* StorageService.h in Headers */ = {isa = PBXBuildFile; fileRef = 1F776F892C0150DF00AB2778 /* StorageService.h */; settings = {ATTRIBUTES = (Public, ); }; };
		1F776F8D2C0150DF00AB2778 /* StorageService.framework in Frameworks */ = {isa = PBXBuildFile; fileRef = 1F776F872C0150DF00AB2778 /* StorageService.framework */; };
		1F776F8E2C0150DF00AB2778 /* StorageService.framework in Embed Frameworks */ = {isa = PBXBuildFile; fileRef = 1F776F872C0150DF00AB2778 /* StorageService.framework */; settings = {ATTRIBUTES = (CodeSignOnCopy, RemoveHeadersOnCopy, ); }; };
		1F776F932C0150EE00AB2778 /* Post.swift in Sources */ = {isa = PBXBuildFile; fileRef = 1F044C232A6F1311005195A8 /* Post.swift */; };
		1FB0BCFA2C3ECAA9000234CC /* FeedModel.swift in Sources */ = {isa = PBXBuildFile; fileRef = 1FB0BCF92C3ECAA9000234CC /* FeedModel.swift */; };
		1FEE64DD2C18F67000E8DF05 /* User.swift in Sources */ = {isa = PBXBuildFile; fileRef = 1FEE64DC2C18F67000E8DF05 /* User.swift */; };
		1FEE64DF2C18F78400E8DF05 /* UserService.swift in Sources */ = {isa = PBXBuildFile; fileRef = 1FEE64DE2C18F78400E8DF05 /* UserService.swift */; };
		1FEE64E12C18F83A00E8DF05 /* CurrentUserService.swift in Sources */ = {isa = PBXBuildFile; fileRef = 1FEE64E02C18F83A00E8DF05 /* CurrentUserService.swift */; };
		1FF4E9802C1C9EA40058C3DD /* TestUserService.swift in Sources */ = {isa = PBXBuildFile; fileRef = 1FF4E97F2C1C9EA40058C3DD /* TestUserService.swift */; };
		1FF8D2AB2B87D98D00466935 /* Posts.swift in Sources */ = {isa = PBXBuildFile; fileRef = 1FF8D2AA2B87D98D00466935 /* Posts.swift */; };
		1FF8D2AD2B87E01E00466935 /* PostTableViewCell.swift in Sources */ = {isa = PBXBuildFile; fileRef = 1FF8D2AC2B87E01E00466935 /* PostTableViewCell.swift */; };
		1FFE64F62B8E912C00B2D8DF /* UITableView+Extensions.swift in Sources */ = {isa = PBXBuildFile; fileRef = 1FFE64F52B8E912B00B2D8DF /* UITableView+Extensions.swift */; };
/* End PBXBuildFile section */

/* Begin PBXContainerItemProxy section */
		1F776F8B2C0150DF00AB2778 /* PBXContainerItemProxy */ = {
			isa = PBXContainerItemProxy;
			containerPortal = 1F64F69E2A680F4100A88A75 /* Project object */;
			proxyType = 1;
			remoteGlobalIDString = 1F776F862C0150DF00AB2778;
			remoteInfo = StorageService;
		};
/* End PBXContainerItemProxy section */

/* Begin PBXCopyFilesBuildPhase section */
		1F776F8F2C0150DF00AB2778 /* Embed Frameworks */ = {
			isa = PBXCopyFilesBuildPhase;
			buildActionMask = 2147483647;
			dstPath = "";
			dstSubfolderSpec = 10;
			files = (
				1F776F8E2C0150DF00AB2778 /* StorageService.framework in Embed Frameworks */,
			);
			name = "Embed Frameworks";
			runOnlyForDeploymentPostprocessing = 0;
		};
/* End PBXCopyFilesBuildPhase section */

/* Begin PBXFileReference section */
		1F02F4852C3C8C8E00E4D912 /* CustomButton.swift */ = {isa = PBXFileReference; lastKnownFileType = sourcecode.swift; path = CustomButton.swift; sourceTree = "<group>"; };
		1F044C1D2A6F0C97005195A8 /* FeedViewController.swift */ = {isa = PBXFileReference; lastKnownFileType = sourcecode.swift; path = FeedViewController.swift; sourceTree = "<group>"; };
		1F044C1F2A6F0D4B005195A8 /* ProfileViewController.swift */ = {isa = PBXFileReference; lastKnownFileType = sourcecode.swift; path = ProfileViewController.swift; sourceTree = "<group>"; };
		1F044C212A6F0DC0005195A8 /* PostViewController.swift */ = {isa = PBXFileReference; lastKnownFileType = sourcecode.swift; path = PostViewController.swift; sourceTree = "<group>"; };
		1F044C232A6F1311005195A8 /* Post.swift */ = {isa = PBXFileReference; lastKnownFileType = sourcecode.swift; path = Post.swift; sourceTree = "<group>"; };
		1F044C252A6F1BE6005195A8 /* InfoViewController.swift */ = {isa = PBXFileReference; lastKnownFileType = sourcecode.swift; path = InfoViewController.swift; sourceTree = "<group>"; };
		1F098CA12BA594070088FD08 /* PhotosTableViewCell.swift */ = {isa = PBXFileReference; lastKnownFileType = sourcecode.swift; path = PhotosTableViewCell.swift; sourceTree = "<group>"; };
		1F098CA32BAA1AF00088FD08 /* PhotosViewController.swift */ = {isa = PBXFileReference; lastKnownFileType = sourcecode.swift; path = PhotosViewController.swift; sourceTree = "<group>"; };
		1F098CA52BAA1CBB0088FD08 /* PhotosCollectionViewCell.swift */ = {isa = PBXFileReference; lastKnownFileType = sourcecode.swift; path = PhotosCollectionViewCell.swift; sourceTree = "<group>"; };
		1F098CA72BAA289A0088FD08 /* Photos.swift */ = {isa = PBXFileReference; lastKnownFileType = sourcecode.swift; name = Photos.swift; path = ../Photos.swift; sourceTree = "<group>"; };
		1F0A69C02B813A34007D8077 /* LogInViewController.swift */ = {isa = PBXFileReference; lastKnownFileType = sourcecode.swift; path = LogInViewController.swift; sourceTree = "<group>"; };
		1F1E35C02C26D36000435477 /* Checker.swift */ = {isa = PBXFileReference; lastKnownFileType = sourcecode.swift; path = Checker.swift; sourceTree = "<group>"; };
		1F1E35C22C26E4D500435477 /* LoginViewControllerDelegate.swift */ = {isa = PBXFileReference; lastKnownFileType = sourcecode.swift; path = LoginViewControllerDelegate.swift; sourceTree = "<group>"; };
		1F1E35C42C26F31200435477 /* LoginInspector.swift */ = {isa = PBXFileReference; lastKnownFileType = sourcecode.swift; path = LoginInspector.swift; sourceTree = "<group>"; };
		1F1E35C62C270A5E00435477 /* LoginFactory.swift */ = {isa = PBXFileReference; lastKnownFileType = sourcecode.swift; path = LoginFactory.swift; sourceTree = "<group>"; };
		1F1E35C82C270B6800435477 /* MyLoginFactory.swift */ = {isa = PBXFileReference; lastKnownFileType = sourcecode.swift; path = MyLoginFactory.swift; sourceTree = "<group>"; };
		1F2A6E1A2B69BA9E0087A179 /* ProfileHeaderView.swift */ = {isa = PBXFileReference; lastKnownFileType = sourcecode.swift; path = ProfileHeaderView.swift; sourceTree = "<group>"; };
		1F64F6A62A680F4100A88A75 /* Navigation.app */ = {isa = PBXFileReference; explicitFileType = wrapper.application; includeInIndex = 0; path = Navigation.app; sourceTree = BUILT_PRODUCTS_DIR; };
		1F64F6A92A680F4100A88A75 /* AppDelegate.swift */ = {isa = PBXFileReference; lastKnownFileType = sourcecode.swift; path = AppDelegate.swift; sourceTree = "<group>"; };
		1F64F6AB2A680F4100A88A75 /* SceneDelegate.swift */ = {isa = PBXFileReference; lastKnownFileType = sourcecode.swift; path = SceneDelegate.swift; sourceTree = "<group>"; };
		1F64F6B22A680F4300A88A75 /* Assets.xcassets */ = {isa = PBXFileReference; lastKnownFileType = folder.assetcatalog; path = Assets.xcassets; sourceTree = "<group>"; };
		1F64F6B52A680F4300A88A75 /* Base */ = {isa = PBXFileReference; lastKnownFileType = file.storyboard; name = Base; path = Base.lproj/LaunchScreen.storyboard; sourceTree = "<group>"; };
		1F64F6B72A680F4300A88A75 /* Info.plist */ = {isa = PBXFileReference; lastKnownFileType = text.plist.xml; path = Info.plist; sourceTree = "<group>"; };
		1F776F872C0150DF00AB2778 /* StorageService.framework */ = {isa = PBXFileReference; explicitFileType = wrapper.framework; includeInIndex = 0; path = StorageService.framework; sourceTree = BUILT_PRODUCTS_DIR; };
		1F776F892C0150DF00AB2778 /* StorageService.h */ = {isa = PBXFileReference; lastKnownFileType = sourcecode.c.h; path = StorageService.h; sourceTree = "<group>"; };
		1FB0BCF92C3ECAA9000234CC /* FeedModel.swift */ = {isa = PBXFileReference; lastKnownFileType = sourcecode.swift; path = FeedModel.swift; sourceTree = "<group>"; };
		1FEE64DC2C18F67000E8DF05 /* User.swift */ = {isa = PBXFileReference; lastKnownFileType = sourcecode.swift; path = User.swift; sourceTree = "<group>"; };
		1FEE64DE2C18F78400E8DF05 /* UserService.swift */ = {isa = PBXFileReference; lastKnownFileType = sourcecode.swift; path = UserService.swift; sourceTree = "<group>"; };
		1FEE64E02C18F83A00E8DF05 /* CurrentUserService.swift */ = {isa = PBXFileReference; lastKnownFileType = sourcecode.swift; path = CurrentUserService.swift; sourceTree = "<group>"; };
		1FF4E97F2C1C9EA40058C3DD /* TestUserService.swift */ = {isa = PBXFileReference; lastKnownFileType = sourcecode.swift; path = TestUserService.swift; sourceTree = "<group>"; };
		1FF8D2AA2B87D98D00466935 /* Posts.swift */ = {isa = PBXFileReference; lastKnownFileType = sourcecode.swift; path = Posts.swift; sourceTree = "<group>"; };
		1FF8D2AC2B87E01E00466935 /* PostTableViewCell.swift */ = {isa = PBXFileReference; lastKnownFileType = sourcecode.swift; path = PostTableViewCell.swift; sourceTree = "<group>"; };
		1FFE64F52B8E912B00B2D8DF /* UITableView+Extensions.swift */ = {isa = PBXFileReference; lastKnownFileType = sourcecode.swift; path = "UITableView+Extensions.swift"; sourceTree = "<group>"; };
/* End PBXFileReference section */

/* Begin PBXFrameworksBuildPhase section */
		1F64F6A32A680F4100A88A75 /* Frameworks */ = {
			isa = PBXFrameworksBuildPhase;
			buildActionMask = 2147483647;
			files = (
				1F776F8D2C0150DF00AB2778 /* StorageService.framework in Frameworks */,
				1F815A182C35C0400057482B /* iOSIntPackage in Frameworks */,
			);
			runOnlyForDeploymentPostprocessing = 0;
		};
		1F776F842C0150DF00AB2778 /* Frameworks */ = {
			isa = PBXFrameworksBuildPhase;
			buildActionMask = 2147483647;
			files = (
			);
			runOnlyForDeploymentPostprocessing = 0;
		};
/* End PBXFrameworksBuildPhase section */

/* Begin PBXGroup section */
		1F2A6E192B69BA070087A179 /* Profile */ = {
			isa = PBXGroup;
			children = (
				1F044C1F2A6F0D4B005195A8 /* ProfileViewController.swift */,
				1F2A6E1A2B69BA9E0087A179 /* ProfileHeaderView.swift */,
				1F0A69C02B813A34007D8077 /* LogInViewController.swift */,
				1FF8D2AC2B87E01E00466935 /* PostTableViewCell.swift */,
			);
			path = Profile;
			sourceTree = "<group>";
		};
		1F64F69D2A680F4100A88A75 = {
			isa = PBXGroup;
			children = (
				1F64F6A82A680F4100A88A75 /* Navigation */,
				1F776F882C0150DF00AB2778 /* StorageService */,
				1F64F6A72A680F4100A88A75 /* Products */,
				1F815A162C35C02F0057482B /* Frameworks */,
			);
			sourceTree = "<group>";
		};
		1F64F6A72A680F4100A88A75 /* Products */ = {
			isa = PBXGroup;
			children = (
				1F64F6A62A680F4100A88A75 /* Navigation.app */,
				1F776F872C0150DF00AB2778 /* StorageService.framework */,
			);
			name = Products;
			sourceTree = "<group>";
		};
		1F64F6A82A680F4100A88A75 /* Navigation */ = {
			isa = PBXGroup;
			children = (
				1F2A6E192B69BA070087A179 /* Profile */,
				1F64F6A92A680F4100A88A75 /* AppDelegate.swift */,
				1F64F6AB2A680F4100A88A75 /* SceneDelegate.swift */,
				1F044C212A6F0DC0005195A8 /* PostViewController.swift */,
				1F044C1D2A6F0C97005195A8 /* FeedViewController.swift */,
				1FB0BCF92C3ECAA9000234CC /* FeedModel.swift */,
				1F044C252A6F1BE6005195A8 /* InfoViewController.swift */,
				1FF8D2AA2B87D98D00466935 /* Posts.swift */,
				1FFE64F52B8E912B00B2D8DF /* UITableView+Extensions.swift */,
				1F098CA12BA594070088FD08 /* PhotosTableViewCell.swift */,
				1F098CA32BAA1AF00088FD08 /* PhotosViewController.swift */,
				1F098CA52BAA1CBB0088FD08 /* PhotosCollectionViewCell.swift */,
				1F098CA72BAA289A0088FD08 /* Photos.swift */,
				1FEE64DC2C18F67000E8DF05 /* User.swift */,
				1FEE64DE2C18F78400E8DF05 /* UserService.swift */,
				1FEE64E02C18F83A00E8DF05 /* CurrentUserService.swift */,
				1FF4E97F2C1C9EA40058C3DD /* TestUserService.swift */,
				1F1E35C02C26D36000435477 /* Checker.swift */,
				1F1E35C62C270A5E00435477 /* LoginFactory.swift */,
				1F1E35C82C270B6800435477 /* MyLoginFactory.swift */,
				1F1E35C22C26E4D500435477 /* LoginViewControllerDelegate.swift */,
				1F1E35C42C26F31200435477 /* LoginInspector.swift */,
				1F02F4852C3C8C8E00E4D912 /* CustomButton.swift */,
				1F64F6B22A680F4300A88A75 /* Assets.xcassets */,
				1F64F6B42A680F4300A88A75 /* LaunchScreen.storyboard */,
				1F64F6B72A680F4300A88A75 /* Info.plist */,
			);
			path = Navigation;
			sourceTree = "<group>";
		};
		1F776F882C0150DF00AB2778 /* StorageService */ = {
			isa = PBXGroup;
			children = (
				1F044C232A6F1311005195A8 /* Post.swift */,
				1F776F892C0150DF00AB2778 /* StorageService.h */,
			);
			path = StorageService;
			sourceTree = "<group>";
		};
		1F815A162C35C02F0057482B /* Frameworks */ = {
			isa = PBXGroup;
			children = (
			);
			name = Frameworks;
			sourceTree = "<group>";
		};
/* End PBXGroup section */

/* Begin PBXHeadersBuildPhase section */
		1F776F822C0150DF00AB2778 /* Headers */ = {
			isa = PBXHeadersBuildPhase;
			buildActionMask = 2147483647;
			files = (
				1F776F8A2C0150DF00AB2778 /* StorageService.h in Headers */,
			);
			runOnlyForDeploymentPostprocessing = 0;
		};
/* End PBXHeadersBuildPhase section */

/* Begin PBXNativeTarget section */
		1F64F6A52A680F4100A88A75 /* Navigation */ = {
			isa = PBXNativeTarget;
			buildConfigurationList = 1F64F6BA2A680F4300A88A75 /* Build configuration list for PBXNativeTarget "Navigation" */;
			buildPhases = (
				1F64F6A22A680F4100A88A75 /* Sources */,
				1F64F6A32A680F4100A88A75 /* Frameworks */,
				1F64F6A42A680F4100A88A75 /* Resources */,
				1F776F8F2C0150DF00AB2778 /* Embed Frameworks */,
			);
			buildRules = (
			);
			dependencies = (
				1F776F8C2C0150DF00AB2778 /* PBXTargetDependency */,
			);
			name = Navigation;
			packageProductDependencies = (
				1F815A172C35C0400057482B /* iOSIntPackage */,
			);
			productName = Navigation;
			productReference = 1F64F6A62A680F4100A88A75 /* Navigation.app */;
			productType = "com.apple.product-type.application";
		};
		1F776F862C0150DF00AB2778 /* StorageService */ = {
			isa = PBXNativeTarget;
			buildConfigurationList = 1F776F922C0150DF00AB2778 /* Build configuration list for PBXNativeTarget "StorageService" */;
			buildPhases = (
				1F776F822C0150DF00AB2778 /* Headers */,
				1F776F832C0150DF00AB2778 /* Sources */,
				1F776F842C0150DF00AB2778 /* Frameworks */,
				1F776F852C0150DF00AB2778 /* Resources */,
			);
			buildRules = (
			);
			dependencies = (
			);
			name = StorageService;
			productName = StorageService;
			productReference = 1F776F872C0150DF00AB2778 /* StorageService.framework */;
			productType = "com.apple.product-type.framework";
		};
/* End PBXNativeTarget section */

/* Begin PBXProject section */
		1F64F69E2A680F4100A88A75 /* Project object */ = {
			isa = PBXProject;
			attributes = {
				BuildIndependentTargetsInParallel = 1;
				LastSwiftUpdateCheck = 1420;
				LastUpgradeCheck = 1540;
				TargetAttributes = {
					1F64F6A52A680F4100A88A75 = {
						CreatedOnToolsVersion = 14.2;
					};
					1F776F862C0150DF00AB2778 = {
						CreatedOnToolsVersion = 15.3;
					};
				};
			};
			buildConfigurationList = 1F64F6A12A680F4100A88A75 /* Build configuration list for PBXProject "Navigation" */;
			compatibilityVersion = "Xcode 14.0";
			developmentRegion = en;
			hasScannedForEncodings = 0;
			knownRegions = (
				en,
				Base,
			);
			mainGroup = 1F64F69D2A680F4100A88A75;
			packageReferences = (
				1F815A132C34C1F70057482B /* XCRemoteSwiftPackageReference "iOSIntPackage" */,
			);
			productRefGroup = 1F64F6A72A680F4100A88A75 /* Products */;
			projectDirPath = "";
			projectRoot = "";
			targets = (
				1F64F6A52A680F4100A88A75 /* Navigation */,
				1F776F862C0150DF00AB2778 /* StorageService */,
			);
		};
/* End PBXProject section */

/* Begin PBXResourcesBuildPhase section */
		1F64F6A42A680F4100A88A75 /* Resources */ = {
			isa = PBXResourcesBuildPhase;
			buildActionMask = 2147483647;
			files = (
				1F64F6B62A680F4300A88A75 /* LaunchScreen.storyboard in Resources */,
				1F64F6B32A680F4300A88A75 /* Assets.xcassets in Resources */,
			);
			runOnlyForDeploymentPostprocessing = 0;
		};
		1F776F852C0150DF00AB2778 /* Resources */ = {
			isa = PBXResourcesBuildPhase;
			buildActionMask = 2147483647;
			files = (
			);
			runOnlyForDeploymentPostprocessing = 0;
		};
/* End PBXResourcesBuildPhase section */

/* Begin PBXSourcesBuildPhase section */
		1F64F6A22A680F4100A88A75 /* Sources */ = {
			isa = PBXSourcesBuildPhase;
			buildActionMask = 2147483647;
			files = (
				1F64F6AA2A680F4100A88A75 /* AppDelegate.swift in Sources */,
				1F1E35C12C26D36000435477 /* Checker.swift in Sources */,
				1F044C202A6F0D4B005195A8 /* ProfileViewController.swift in Sources */,
				1F0A69C12B813A34007D8077 /* LogInViewController.swift in Sources */,
				1F02F4862C3C8C8E00E4D912 /* CustomButton.swift in Sources */,
				1F044C1E2A6F0C97005195A8 /* FeedViewController.swift in Sources */,
				1F098CA82BAA289A0088FD08 /* Photos.swift in Sources */,
				1FEE64DD2C18F67000E8DF05 /* User.swift in Sources */,
				1FEE64DF2C18F78400E8DF05 /* UserService.swift in Sources */,
				1F044C262A6F1BE6005195A8 /* InfoViewController.swift in Sources */,
				1FF8D2AB2B87D98D00466935 /* Posts.swift in Sources */,
				1FFE64F62B8E912C00B2D8DF /* UITableView+Extensions.swift in Sources */,
				1FEE64E12C18F83A00E8DF05 /* CurrentUserService.swift in Sources */,
				1F1E35C32C26E4D500435477 /* LoginViewControllerDelegate.swift in Sources */,
				1FF4E9802C1C9EA40058C3DD /* TestUserService.swift in Sources */,
				1F64F6AC2A680F4100A88A75 /* SceneDelegate.swift in Sources */,
				1F098CA22BA594070088FD08 /* PhotosTableViewCell.swift in Sources */,
				1F1E35C72C270A5E00435477 /* LoginFactory.swift in Sources */,
				1F044C222A6F0DC0005195A8 /* PostViewController.swift in Sources */,
				1F1E35C52C26F31200435477 /* LoginInspector.swift in Sources */,
				1F098CA62BAA1CBB0088FD08 /* PhotosCollectionViewCell.swift in Sources */,
				1FB0BCFA2C3ECAA9000234CC /* FeedModel.swift in Sources */,
				1F098CA42BAA1AF00088FD08 /* PhotosViewController.swift in Sources */,
				1F2A6E1B2B69BA9E0087A179 /* ProfileHeaderView.swift in Sources */,
				1F1E35C92C270B6800435477 /* MyLoginFactory.swift in Sources */,
				1FF8D2AD2B87E01E00466935 /* PostTableViewCell.swift in Sources */,
			);
			runOnlyForDeploymentPostprocessing = 0;
		};
		1F776F832C0150DF00AB2778 /* Sources */ = {
			isa = PBXSourcesBuildPhase;
			buildActionMask = 2147483647;
			files = (
				1F776F932C0150EE00AB2778 /* Post.swift in Sources */,
			);
			runOnlyForDeploymentPostprocessing = 0;
		};
/* End PBXSourcesBuildPhase section */

/* Begin PBXTargetDependency section */
		1F776F8C2C0150DF00AB2778 /* PBXTargetDependency */ = {
			isa = PBXTargetDependency;
			target = 1F776F862C0150DF00AB2778 /* StorageService */;
			targetProxy = 1F776F8B2C0150DF00AB2778 /* PBXContainerItemProxy */;
		};
/* End PBXTargetDependency section */

/* Begin PBXVariantGroup section */
		1F64F6B42A680F4300A88A75 /* LaunchScreen.storyboard */ = {
			isa = PBXVariantGroup;
			children = (
				1F64F6B52A680F4300A88A75 /* Base */,
			);
			name = LaunchScreen.storyboard;
			sourceTree = "<group>";
		};
/* End PBXVariantGroup section */

/* Begin XCBuildConfiguration section */
		1F64F6B82A680F4300A88A75 /* Debug */ = {
			isa = XCBuildConfiguration;
			buildSettings = {
				ALWAYS_SEARCH_USER_PATHS = NO;
				ASSETCATALOG_COMPILER_GENERATE_SWIFT_ASSET_SYMBOL_EXTENSIONS = YES;
				CLANG_ANALYZER_NONNULL = YES;
				CLANG_ANALYZER_NUMBER_OBJECT_CONVERSION = YES_AGGRESSIVE;
				CLANG_CXX_LANGUAGE_STANDARD = "gnu++20";
				CLANG_ENABLE_MODULES = YES;
				CLANG_ENABLE_OBJC_ARC = YES;
				CLANG_ENABLE_OBJC_WEAK = YES;
				CLANG_WARN_BLOCK_CAPTURE_AUTORELEASING = YES;
				CLANG_WARN_BOOL_CONVERSION = YES;
				CLANG_WARN_COMMA = YES;
				CLANG_WARN_CONSTANT_CONVERSION = YES;
				CLANG_WARN_DEPRECATED_OBJC_IMPLEMENTATIONS = YES;
				CLANG_WARN_DIRECT_OBJC_ISA_USAGE = YES_ERROR;
				CLANG_WARN_DOCUMENTATION_COMMENTS = YES;
				CLANG_WARN_EMPTY_BODY = YES;
				CLANG_WARN_ENUM_CONVERSION = YES;
				CLANG_WARN_INFINITE_RECURSION = YES;
				CLANG_WARN_INT_CONVERSION = YES;
				CLANG_WARN_NON_LITERAL_NULL_CONVERSION = YES;
				CLANG_WARN_OBJC_IMPLICIT_RETAIN_SELF = YES;
				CLANG_WARN_OBJC_LITERAL_CONVERSION = YES;
				CLANG_WARN_OBJC_ROOT_CLASS = YES_ERROR;
				CLANG_WARN_QUOTED_INCLUDE_IN_FRAMEWORK_HEADER = YES;
				CLANG_WARN_RANGE_LOOP_ANALYSIS = YES;
				CLANG_WARN_STRICT_PROTOTYPES = YES;
				CLANG_WARN_SUSPICIOUS_MOVE = YES;
				CLANG_WARN_UNGUARDED_AVAILABILITY = YES_AGGRESSIVE;
				CLANG_WARN_UNREACHABLE_CODE = YES;
				CLANG_WARN__DUPLICATE_METHOD_MATCH = YES;
				COPY_PHASE_STRIP = NO;
				DEBUG_INFORMATION_FORMAT = dwarf;
				ENABLE_STRICT_OBJC_MSGSEND = YES;
				ENABLE_TESTABILITY = YES;
				ENABLE_USER_SCRIPT_SANDBOXING = YES;
				GCC_C_LANGUAGE_STANDARD = gnu11;
				GCC_DYNAMIC_NO_PIC = NO;
				GCC_NO_COMMON_BLOCKS = YES;
				GCC_OPTIMIZATION_LEVEL = 0;
				GCC_PREPROCESSOR_DEFINITIONS = (
					"DEBUG=1",
					"$(inherited)",
				);
				GCC_WARN_64_TO_32_BIT_CONVERSION = YES;
				GCC_WARN_ABOUT_RETURN_TYPE = YES_ERROR;
				GCC_WARN_UNDECLARED_SELECTOR = YES;
				GCC_WARN_UNINITIALIZED_AUTOS = YES_AGGRESSIVE;
				GCC_WARN_UNUSED_FUNCTION = YES;
				GCC_WARN_UNUSED_VARIABLE = YES;
				IPHONEOS_DEPLOYMENT_TARGET = 16.2;
				MTL_ENABLE_DEBUG_INFO = INCLUDE_SOURCE;
				MTL_FAST_MATH = YES;
				ONLY_ACTIVE_ARCH = YES;
				SDKROOT = iphoneos;
				SWIFT_ACTIVE_COMPILATION_CONDITIONS = DEBUG;
				SWIFT_OPTIMIZATION_LEVEL = "-Onone";
			};
			name = Debug;
		};
		1F64F6B92A680F4300A88A75 /* Release */ = {
			isa = XCBuildConfiguration;
			buildSettings = {
				ALWAYS_SEARCH_USER_PATHS = NO;
				ASSETCATALOG_COMPILER_GENERATE_SWIFT_ASSET_SYMBOL_EXTENSIONS = YES;
				CLANG_ANALYZER_NONNULL = YES;
				CLANG_ANALYZER_NUMBER_OBJECT_CONVERSION = YES_AGGRESSIVE;
				CLANG_CXX_LANGUAGE_STANDARD = "gnu++20";
				CLANG_ENABLE_MODULES = YES;
				CLANG_ENABLE_OBJC_ARC = YES;
				CLANG_ENABLE_OBJC_WEAK = YES;
				CLANG_WARN_BLOCK_CAPTURE_AUTORELEASING = YES;
				CLANG_WARN_BOOL_CONVERSION = YES;
				CLANG_WARN_COMMA = YES;
				CLANG_WARN_CONSTANT_CONVERSION = YES;
				CLANG_WARN_DEPRECATED_OBJC_IMPLEMENTATIONS = YES;
				CLANG_WARN_DIRECT_OBJC_ISA_USAGE = YES_ERROR;
				CLANG_WARN_DOCUMENTATION_COMMENTS = YES;
				CLANG_WARN_EMPTY_BODY = YES;
				CLANG_WARN_ENUM_CONVERSION = YES;
				CLANG_WARN_INFINITE_RECURSION = YES;
				CLANG_WARN_INT_CONVERSION = YES;
				CLANG_WARN_NON_LITERAL_NULL_CONVERSION = YES;
				CLANG_WARN_OBJC_IMPLICIT_RETAIN_SELF = YES;
				CLANG_WARN_OBJC_LITERAL_CONVERSION = YES;
				CLANG_WARN_OBJC_ROOT_CLASS = YES_ERROR;
				CLANG_WARN_QUOTED_INCLUDE_IN_FRAMEWORK_HEADER = YES;
				CLANG_WARN_RANGE_LOOP_ANALYSIS = YES;
				CLANG_WARN_STRICT_PROTOTYPES = YES;
				CLANG_WARN_SUSPICIOUS_MOVE = YES;
				CLANG_WARN_UNGUARDED_AVAILABILITY = YES_AGGRESSIVE;
				CLANG_WARN_UNREACHABLE_CODE = YES;
				CLANG_WARN__DUPLICATE_METHOD_MATCH = YES;
				COPY_PHASE_STRIP = NO;
				DEBUG_INFORMATION_FORMAT = "dwarf-with-dsym";
				ENABLE_NS_ASSERTIONS = NO;
				ENABLE_STRICT_OBJC_MSGSEND = YES;
				ENABLE_USER_SCRIPT_SANDBOXING = YES;
				GCC_C_LANGUAGE_STANDARD = gnu11;
				GCC_NO_COMMON_BLOCKS = YES;
				GCC_WARN_64_TO_32_BIT_CONVERSION = YES;
				GCC_WARN_ABOUT_RETURN_TYPE = YES_ERROR;
				GCC_WARN_UNDECLARED_SELECTOR = YES;
				GCC_WARN_UNINITIALIZED_AUTOS = YES_AGGRESSIVE;
				GCC_WARN_UNUSED_FUNCTION = YES;
				GCC_WARN_UNUSED_VARIABLE = YES;
				IPHONEOS_DEPLOYMENT_TARGET = 16.2;
				MTL_ENABLE_DEBUG_INFO = NO;
				MTL_FAST_MATH = YES;
				SDKROOT = iphoneos;
				SWIFT_COMPILATION_MODE = wholemodule;
				SWIFT_OPTIMIZATION_LEVEL = "-O";
				VALIDATE_PRODUCT = YES;
			};
			name = Release;
		};
		1F64F6BB2A680F4300A88A75 /* Debug */ = {
			isa = XCBuildConfiguration;
			buildSettings = {
				ALWAYS_EMBED_SWIFT_STANDARD_LIBRARIES = YES;
				ASSETCATALOG_COMPILER_APPICON_NAME = AppIcon;
				ASSETCATALOG_COMPILER_GLOBAL_ACCENT_COLOR_NAME = AccentColor;
				CODE_SIGN_STYLE = Automatic;
				CURRENT_PROJECT_VERSION = 1;
				DEVELOPMENT_TEAM = FJXFAHPPM6;
				GENERATE_INFOPLIST_FILE = YES;
				INFOPLIST_FILE = Navigation/Info.plist;
				INFOPLIST_KEY_UIApplicationSupportsIndirectInputEvents = YES;
				INFOPLIST_KEY_UILaunchStoryboardName = LaunchScreen;
				INFOPLIST_KEY_UIMainStoryboardFile = "";
				INFOPLIST_KEY_UIStatusBarStyle = "";
				INFOPLIST_KEY_UISupportedInterfaceOrientations_iPad = "UIInterfaceOrientationPortrait UIInterfaceOrientationPortraitUpsideDown UIInterfaceOrientationLandscapeLeft UIInterfaceOrientationLandscapeRight";
				INFOPLIST_KEY_UISupportedInterfaceOrientations_iPhone = "UIInterfaceOrientationPortrait UIInterfaceOrientationLandscapeLeft UIInterfaceOrientationLandscapeRight";
				LD_RUNPATH_SEARCH_PATHS = (
					"$(inherited)",
					"@executable_path/Frameworks",
				);
				MARKETING_VERSION = 1.0;
				PRODUCT_BUNDLE_IDENTIFIER = ru.fregatagent.Navigation;
				PRODUCT_NAME = "$(TARGET_NAME)";
				SWIFT_EMIT_LOC_STRINGS = YES;
				SWIFT_VERSION = 5.0;
				TARGETED_DEVICE_FAMILY = "1,2";
			};
			name = Debug;
		};
		1F64F6BC2A680F4300A88A75 /* Release */ = {
			isa = XCBuildConfiguration;
			buildSettings = {
				ALWAYS_EMBED_SWIFT_STANDARD_LIBRARIES = YES;
				ASSETCATALOG_COMPILER_APPICON_NAME = AppIcon;
				ASSETCATALOG_COMPILER_GLOBAL_ACCENT_COLOR_NAME = AccentColor;
				CODE_SIGN_STYLE = Automatic;
				CURRENT_PROJECT_VERSION = 1;
				DEVELOPMENT_TEAM = FJXFAHPPM6;
				GENERATE_INFOPLIST_FILE = YES;
				INFOPLIST_FILE = Navigation/Info.plist;
				INFOPLIST_KEY_UIApplicationSupportsIndirectInputEvents = YES;
				INFOPLIST_KEY_UILaunchStoryboardName = LaunchScreen;
				INFOPLIST_KEY_UIMainStoryboardFile = "";
				INFOPLIST_KEY_UIStatusBarStyle = "";
				INFOPLIST_KEY_UISupportedInterfaceOrientations_iPad = "UIInterfaceOrientationPortrait UIInterfaceOrientationPortraitUpsideDown UIInterfaceOrientationLandscapeLeft UIInterfaceOrientationLandscapeRight";
				INFOPLIST_KEY_UISupportedInterfaceOrientations_iPhone = "UIInterfaceOrientationPortrait UIInterfaceOrientationLandscapeLeft UIInterfaceOrientationLandscapeRight";
				LD_RUNPATH_SEARCH_PATHS = (
					"$(inherited)",
					"@executable_path/Frameworks",
				);
				MARKETING_VERSION = 1.0;
				PRODUCT_BUNDLE_IDENTIFIER = ru.fregatagent.Navigation;
				PRODUCT_NAME = "$(TARGET_NAME)";
				SWIFT_EMIT_LOC_STRINGS = YES;
				SWIFT_VERSION = 5.0;
				TARGETED_DEVICE_FAMILY = "1,2";
			};
			name = Release;
		};
		1F776F902C0150DF00AB2778 /* Debug */ = {
			isa = XCBuildConfiguration;
			buildSettings = {
				ASSETCATALOG_COMPILER_GENERATE_SWIFT_ASSET_SYMBOL_EXTENSIONS = YES;
				BUILD_LIBRARY_FOR_DISTRIBUTION = YES;
				CODE_SIGN_IDENTITY = "";
				CODE_SIGN_STYLE = Automatic;
				CURRENT_PROJECT_VERSION = 1;
				DEFINES_MODULE = YES;
				DEVELOPMENT_TEAM = FJXFAHPPM6;
				DYLIB_COMPATIBILITY_VERSION = 1;
				DYLIB_CURRENT_VERSION = 1;
				DYLIB_INSTALL_NAME_BASE = "@rpath";
				ENABLE_MODULE_VERIFIER = YES;
				GCC_C_LANGUAGE_STANDARD = gnu17;
				GENERATE_INFOPLIST_FILE = YES;
				INFOPLIST_KEY_NSHumanReadableCopyright = "";
				INSTALL_PATH = "$(LOCAL_LIBRARY_DIR)/Frameworks";
				IPHONEOS_DEPLOYMENT_TARGET = 17.4;
				LD_RUNPATH_SEARCH_PATHS = (
					"$(inherited)",
					"@executable_path/Frameworks",
					"@loader_path/Frameworks",
				);
				LOCALIZATION_PREFERS_STRING_CATALOGS = YES;
				MARKETING_VERSION = 1.0;
				MODULE_VERIFIER_SUPPORTED_LANGUAGES = "objective-c objective-c++";
				MODULE_VERIFIER_SUPPORTED_LANGUAGE_STANDARDS = "gnu17 gnu++20";
				PRODUCT_BUNDLE_IDENTIFIER = ru.fregatagent.StorageService;
				PRODUCT_NAME = "$(TARGET_NAME:c99extidentifier)";
				SKIP_INSTALL = YES;
				SWIFT_ACTIVE_COMPILATION_CONDITIONS = "DEBUG $(inherited)";
				SWIFT_EMIT_LOC_STRINGS = YES;
				SWIFT_INSTALL_OBJC_HEADER = NO;
				SWIFT_VERSION = 5.0;
				TARGETED_DEVICE_FAMILY = "1,2";
				VERSIONING_SYSTEM = "apple-generic";
				VERSION_INFO_PREFIX = "";
			};
			name = Debug;
		};
		1F776F912C0150DF00AB2778 /* Release */ = {
			isa = XCBuildConfiguration;
			buildSettings = {
				ASSETCATALOG_COMPILER_GENERATE_SWIFT_ASSET_SYMBOL_EXTENSIONS = YES;
				BUILD_LIBRARY_FOR_DISTRIBUTION = YES;
				CODE_SIGN_IDENTITY = "";
				CODE_SIGN_STYLE = Automatic;
				CURRENT_PROJECT_VERSION = 1;
				DEFINES_MODULE = YES;
				DEVELOPMENT_TEAM = FJXFAHPPM6;
				DYLIB_COMPATIBILITY_VERSION = 1;
				DYLIB_CURRENT_VERSION = 1;
				DYLIB_INSTALL_NAME_BASE = "@rpath";
				ENABLE_MODULE_VERIFIER = YES;
				GCC_C_LANGUAGE_STANDARD = gnu17;
				GENERATE_INFOPLIST_FILE = YES;
				INFOPLIST_KEY_NSHumanReadableCopyright = "";
				INSTALL_PATH = "$(LOCAL_LIBRARY_DIR)/Frameworks";
				IPHONEOS_DEPLOYMENT_TARGET = 17.4;
				LD_RUNPATH_SEARCH_PATHS = (
					"$(inherited)",
					"@executable_path/Frameworks",
					"@loader_path/Frameworks",
				);
				LOCALIZATION_PREFERS_STRING_CATALOGS = YES;
				MARKETING_VERSION = 1.0;
				MODULE_VERIFIER_SUPPORTED_LANGUAGES = "objective-c objective-c++";
				MODULE_VERIFIER_SUPPORTED_LANGUAGE_STANDARDS = "gnu17 gnu++20";
				PRODUCT_BUNDLE_IDENTIFIER = ru.fregatagent.StorageService;
				PRODUCT_NAME = "$(TARGET_NAME:c99extidentifier)";
				SKIP_INSTALL = YES;
				SWIFT_EMIT_LOC_STRINGS = YES;
				SWIFT_INSTALL_OBJC_HEADER = NO;
				SWIFT_VERSION = 5.0;
				TARGETED_DEVICE_FAMILY = "1,2";
				VERSIONING_SYSTEM = "apple-generic";
				VERSION_INFO_PREFIX = "";
			};
			name = Release;
		};
/* End XCBuildConfiguration section */

/* Begin XCConfigurationList section */
		1F64F6A12A680F4100A88A75 /* Build configuration list for PBXProject "Navigation" */ = {
			isa = XCConfigurationList;
			buildConfigurations = (
				1F64F6B82A680F4300A88A75 /* Debug */,
				1F64F6B92A680F4300A88A75 /* Release */,
			);
			defaultConfigurationIsVisible = 0;
			defaultConfigurationName = Release;
		};
		1F64F6BA2A680F4300A88A75 /* Build configuration list for PBXNativeTarget "Navigation" */ = {
			isa = XCConfigurationList;
			buildConfigurations = (
				1F64F6BB2A680F4300A88A75 /* Debug */,
				1F64F6BC2A680F4300A88A75 /* Release */,
			);
			defaultConfigurationIsVisible = 0;
			defaultConfigurationName = Release;
		};
		1F776F922C0150DF00AB2778 /* Build configuration list for PBXNativeTarget "StorageService" */ = {
			isa = XCConfigurationList;
			buildConfigurations = (
				1F776F902C0150DF00AB2778 /* Debug */,
				1F776F912C0150DF00AB2778 /* Release */,
			);
			defaultConfigurationIsVisible = 0;
			defaultConfigurationName = Release;
		};
/* End XCConfigurationList section */

/* Begin XCRemoteSwiftPackageReference section */
		1F815A132C34C1F70057482B /* XCRemoteSwiftPackageReference "iOSIntPackage" */ = {
			isa = XCRemoteSwiftPackageReference;
			repositoryURL = "https://github.com/TrueMax/iOSIntPackage";
			requirement = {
				branch = imagepublisher;
				kind = branch;
			};
		};
/* End XCRemoteSwiftPackageReference section */

/* Begin XCSwiftPackageProductDependency section */
		1F815A172C35C0400057482B /* iOSIntPackage */ = {
			isa = XCSwiftPackageProductDependency;
			package = 1F815A132C34C1F70057482B /* XCRemoteSwiftPackageReference "iOSIntPackage" */;
			productName = iOSIntPackage;
		};
/* End XCSwiftPackageProductDependency section */
	};
	rootObject = 1F64F69E2A680F4100A88A75 /* Project object */;
}
